
Microsoft Visual Studio Solution File, Format Version 12.00
# Visual Studio 15
VisualStudioVersion = 15.0.27004.2005
MinimumVisualStudioVersion = 10.0.40219.1
Project("{FAE04EC0-301F-11D3-BF4B-00C04F79EFBC}") = "a7VisualStudioExtension", "a7VisualStudioExtension.csproj", "{CEFA8323-AD17-484F-A09A-F532EF2E4503}"
EndProject
Global
	GlobalSection(SolutionConfigurationPlatforms) = preSolution
		Debug|Any CPU = Debug|Any CPU
		Release|Any CPU = Release|Any CPU
	EndGlobalSection
	GlobalSection(ProjectConfigurationPlatforms) = postSolution
		{CEFA8323-AD17-484F-A09A-F532EF2E4503}.Debug|Any CPU.ActiveCfg = Debug|Any CPU
		{CEFA8323-AD17-484F-A09A-F532EF2E4503}.Debug|Any CPU.Build.0 = Debug|Any CPU
		{CEFA8323-AD17-484F-A09A-F532EF2E4503}.Release|Any CPU.ActiveCfg = Release|Any CPU
		{CEFA8323-AD17-484F-A09A-F532EF2E4503}.Release|Any CPU.Build.0 = Release|Any CPU
	EndGlobalSection
	GlobalSection(SolutionProperties) = preSolution
		HideSolutionNode = FALSE
	EndGlobalSection
	GlobalSection(ExtensibilityGlobals) = postSolution
		SolutionGuid = {D8D5D08D-FB1F-4E13-82E0-A671EF1828AB}
	EndGlobalSection
EndGlobal
